
Microsoft Visual Studio Solution File, Format Version 11.00
# Visual Studio 2010
Project("{FAE04EC0-301F-11D3-BF4B-00C04F79EFBC}") = "DC Font Generator", "DC Font Generator\DC Font Generator.csproj", "{A5B91D20-6B3B-4A93-BC00-819A1E0E684B}"
EndProject
Global
	GlobalSection(SolutionConfigurationPlatforms) = preSolution
		Debug|Any CPU = Debug|Any CPU
		Release|Any CPU = Release|Any CPU
	EndGlobalSection
	GlobalSection(ProjectConfigurationPlatforms) = postSolution
		{A5B91D20-6B3B-4A93-BC00-819A1E0E684B}.Debug|Any CPU.ActiveCfg = Debug|Any CPU
		{A5B91D20-6B3B-4A93-BC00-819A1E0E684B}.Debug|Any CPU.Build.0 = Debug|Any CPU
		{A5B91D20-6B3B-4A93-BC00-819A1E0E684B}.Release|Any CPU.ActiveCfg = Release|Any CPU
		{A5B91D20-6B3B-4A93-BC00-819A1E0E684B}.Release|Any CPU.Build.0 = Release|Any CPU
	EndGlobalSection
	GlobalSection(SolutionProperties) = preSolution
		HideSolutionNode = FALSE
	EndGlobalSection
EndGlobal
